
Microsoft Visual Studio Solution File, Format Version 12.00
# Visual Studio Version 16
VisualStudioVersion = 16.0.31129.286
MinimumVisualStudioVersion = 10.0.40219.1
Project("{9A19103F-16F7-4668-BE54-9A1E7A4F7556}") = "GPS.Domain", "GPS.Domain\GPS.Domain.csproj", "{9EAF9AD8-7279-4005-B031-5D5E7F92BCC7}"
EndProject
Project("{9A19103F-16F7-4668-BE54-9A1E7A4F7556}") = "GPS.Repository", "GPS.Repository\GPS.Repository.csproj", "{59A22BF2-BC49-4C8D-8E1B-BA4AC1171CCD}"
EndProject
Project("{9A19103F-16F7-4668-BE54-9A1E7A4F7556}") = "GPS.WebApp", "WebAppGPS\GPS.WebApp.csproj", "{C758C4B6-39B6-4802-9280-D9F0D361CF67}"
EndProject
Project("{FAE04EC0-301F-11D3-BF4B-00C04F79EFBC}") = "GPS.Console", "GPS.Console\GPS.Console.csproj", "{0A3EE698-C097-44DF-A7B3-F0119EF697D6}"
EndProject
Global
	GlobalSection(SolutionConfigurationPlatforms) = preSolution
		Debug|Any CPU = Debug|Any CPU
		Release|Any CPU = Release|Any CPU
	EndGlobalSection
	GlobalSection(ProjectConfigurationPlatforms) = postSolution
		{9EAF9AD8-7279-4005-B031-5D5E7F92BCC7}.Debug|Any CPU.ActiveCfg = Debug|Any CPU
		{9EAF9AD8-7279-4005-B031-5D5E7F92BCC7}.Debug|Any CPU.Build.0 = Debug|Any CPU
		{9EAF9AD8-7279-4005-B031-5D5E7F92BCC7}.Release|Any CPU.ActiveCfg = Release|Any CPU
		{9EAF9AD8-7279-4005-B031-5D5E7F92BCC7}.Release|Any CPU.Build.0 = Release|Any CPU
		{59A22BF2-BC49-4C8D-8E1B-BA4AC1171CCD}.Debug|Any CPU.ActiveCfg = Debug|Any CPU
		{59A22BF2-BC49-4C8D-8E1B-BA4AC1171CCD}.Debug|Any CPU.Build.0 = Debug|Any CPU
		{59A22BF2-BC49-4C8D-8E1B-BA4AC1171CCD}.Release|Any CPU.ActiveCfg = Release|Any CPU
		{59A22BF2-BC49-4C8D-8E1B-BA4AC1171CCD}.Release|Any CPU.Build.0 = Release|Any CPU
		{C758C4B6-39B6-4802-9280-D9F0D361CF67}.Debug|Any CPU.ActiveCfg = Debug|Any CPU
		{C758C4B6-39B6-4802-9280-D9F0D361CF67}.Debug|Any CPU.Build.0 = Debug|Any CPU
		{C758C4B6-39B6-4802-9280-D9F0D361CF67}.Release|Any CPU.ActiveCfg = Release|Any CPU
		{C758C4B6-39B6-4802-9280-D9F0D361CF67}.Release|Any CPU.Build.0 = Release|Any CPU
		{0A3EE698-C097-44DF-A7B3-F0119EF697D6}.Debug|Any CPU.ActiveCfg = Debug|Any CPU
		{0A3EE698-C097-44DF-A7B3-F0119EF697D6}.Debug|Any CPU.Build.0 = Debug|Any CPU
		{0A3EE698-C097-44DF-A7B3-F0119EF697D6}.Release|Any CPU.ActiveCfg = Release|Any CPU
		{0A3EE698-C097-44DF-A7B3-F0119EF697D6}.Release|Any CPU.Build.0 = Release|Any CPU
	EndGlobalSection
	GlobalSection(SolutionProperties) = preSolution
		HideSolutionNode = FALSE
	EndGlobalSection
	GlobalSection(ExtensibilityGlobals) = postSolution
		SolutionGuid = {9780EE68-29B1-4229-91B5-EBC8C72F34C9}
	EndGlobalSection
EndGlobal
